
Microsoft Visual Studio Solution File, Format Version 12.00
# Visual Studio 15
VisualStudioVersion = 15.0.26124.0
MinimumVisualStudioVersion = 15.0.26124.0
Project("{2150E333-8FDC-42A3-9474-1A3956D46DE8}") = "src", "src", "{F14E2411-495E-4E44-AB94-DACFF1209607}"
EndProject
Project("{FAE04EC0-301F-11D3-BF4B-00C04F79EFBC}") = "PalTracker", "src\PalTracker\PalTracker.csproj", "{0E31395B-E980-437F-96D6-553960767176}"
EndProject
Project("{2150E333-8FDC-42A3-9474-1A3956D46DE8}") = "test", "test", "{7EB486DD-A786-42CC-A313-FEC76E1618D0}"
EndProject
Project("{FAE04EC0-301F-11D3-BF4B-00C04F79EFBC}") = "PalTrackerTests", "test\PalTrackerTests\PalTrackerTests.csproj", "{A5EEDE47-AB1A-43A7-982C-6B6AFAD591E3}"
EndProject
Global
	GlobalSection(SolutionConfigurationPlatforms) = preSolution
		Debug|Any CPU = Debug|Any CPU
		Debug|x64 = Debug|x64
		Debug|x86 = Debug|x86
		Release|Any CPU = Release|Any CPU
		Release|x64 = Release|x64
		Release|x86 = Release|x86
	EndGlobalSection
	GlobalSection(SolutionProperties) = preSolution
		HideSolutionNode = FALSE
	EndGlobalSection
	GlobalSection(ProjectConfigurationPlatforms) = postSolution
		{0E31395B-E980-437F-96D6-553960767176}.Debug|Any CPU.ActiveCfg = Debug|Any CPU
		{0E31395B-E980-437F-96D6-553960767176}.Debug|Any CPU.Build.0 = Debug|Any CPU
		{0E31395B-E980-437F-96D6-553960767176}.Debug|x64.ActiveCfg = Debug|Any CPU
		{0E31395B-E980-437F-96D6-553960767176}.Debug|x64.Build.0 = Debug|Any CPU
		{0E31395B-E980-437F-96D6-553960767176}.Debug|x86.ActiveCfg = Debug|Any CPU
		{0E31395B-E980-437F-96D6-553960767176}.Debug|x86.Build.0 = Debug|Any CPU
		{0E31395B-E980-437F-96D6-553960767176}.Release|Any CPU.ActiveCfg = Release|Any CPU
		{0E31395B-E980-437F-96D6-553960767176}.Release|Any CPU.Build.0 = Release|Any CPU
		{0E31395B-E980-437F-96D6-553960767176}.Release|x64.ActiveCfg = Release|Any CPU
		{0E31395B-E980-437F-96D6-553960767176}.Release|x64.Build.0 = Release|Any CPU
		{0E31395B-E980-437F-96D6-553960767176}.Release|x86.ActiveCfg = Release|Any CPU
		{0E31395B-E980-437F-96D6-553960767176}.Release|x86.Build.0 = Release|Any CPU
		{A5EEDE47-AB1A-43A7-982C-6B6AFAD591E3}.Debug|Any CPU.ActiveCfg = Debug|Any CPU
		{A5EEDE47-AB1A-43A7-982C-6B6AFAD591E3}.Debug|Any CPU.Build.0 = Debug|Any CPU
		{A5EEDE47-AB1A-43A7-982C-6B6AFAD591E3}.Debug|x64.ActiveCfg = Debug|Any CPU
		{A5EEDE47-AB1A-43A7-982C-6B6AFAD591E3}.Debug|x64.Build.0 = Debug|Any CPU
		{A5EEDE47-AB1A-43A7-982C-6B6AFAD591E3}.Debug|x86.ActiveCfg = Debug|Any CPU
		{A5EEDE47-AB1A-43A7-982C-6B6AFAD591E3}.Debug|x86.Build.0 = Debug|Any CPU
		{A5EEDE47-AB1A-43A7-982C-6B6AFAD591E3}.Release|Any CPU.ActiveCfg = Release|Any CPU
		{A5EEDE47-AB1A-43A7-982C-6B6AFAD591E3}.Release|Any CPU.Build.0 = Release|Any CPU
		{A5EEDE47-AB1A-43A7-982C-6B6AFAD591E3}.Release|x64.ActiveCfg = Release|Any CPU
		{A5EEDE47-AB1A-43A7-982C-6B6AFAD591E3}.Release|x64.Build.0 = Release|Any CPU
		{A5EEDE47-AB1A-43A7-982C-6B6AFAD591E3}.Release|x86.ActiveCfg = Release|Any CPU
		{A5EEDE47-AB1A-43A7-982C-6B6AFAD591E3}.Release|x86.Build.0 = Release|Any CPU
	EndGlobalSection
	GlobalSection(NestedProjects) = preSolution
		{0E31395B-E980-437F-96D6-553960767176} = {F14E2411-495E-4E44-AB94-DACFF1209607}
		{A5EEDE47-AB1A-43A7-982C-6B6AFAD591E3} = {7EB486DD-A786-42CC-A313-FEC76E1618D0}
	EndGlobalSection
EndGlobal
